
Microsoft Visual Studio Solution File, Format Version 12.00
# Visual Studio Version 17
VisualStudioVersion = 17.5.33627.172
MinimumVisualStudioVersion = 10.0.40219.1
Project("{9A19103F-16F7-4668-BE54-9A1E7A4F7556}") = "ErrorTemplateBinding", "ErrorTemplateBinding\ErrorTemplateBinding.csproj", "{908D44E5-BA89-41BE-9277-C37192756A3F}"
EndProject
Project("{FAE04EC0-301F-11D3-BF4B-00C04F79EFBC}") = "RatingBarPerformance", "RatingBarPerformance\RatingBarPerformance.csproj", "{5F557983-12FF-4002-A68C-08CF91B0B108}"
EndProject
Global
	GlobalSection(SolutionConfigurationPlatforms) = preSolution
		Debug|Any CPU = Debug|Any CPU
		Release|Any CPU = Release|Any CPU
	EndGlobalSection
	GlobalSection(ProjectConfigurationPlatforms) = postSolution
		{908D44E5-BA89-41BE-9277-C37192756A3F}.Debug|Any CPU.ActiveCfg = Debug|Any CPU
		{908D44E5-BA89-41BE-9277-C37192756A3F}.Debug|Any CPU.Build.0 = Debug|Any CPU
		{908D44E5-BA89-41BE-9277-C37192756A3F}.Release|Any CPU.ActiveCfg = Release|Any CPU
		{908D44E5-BA89-41BE-9277-C37192756A3F}.Release|Any CPU.Build.0 = Release|Any CPU
		{5F557983-12FF-4002-A68C-08CF91B0B108}.Debug|Any CPU.ActiveCfg = Debug|Any CPU
		{5F557983-12FF-4002-A68C-08CF91B0B108}.Debug|Any CPU.Build.0 = Debug|Any CPU
		{5F557983-12FF-4002-A68C-08CF91B0B108}.Release|Any CPU.ActiveCfg = Release|Any CPU
		{5F557983-12FF-4002-A68C-08CF91B0B108}.Release|Any CPU.Build.0 = Release|Any CPU
	EndGlobalSection
	GlobalSection(SolutionProperties) = preSolution
		HideSolutionNode = FALSE
	EndGlobalSection
	GlobalSection(ExtensibilityGlobals) = postSolution
		SolutionGuid = {A1E7B0A2-15B7-4DA8-8C7B-76D63782D85C}
	EndGlobalSection
EndGlobal
